
Microsoft Visual Studio Solution File, Format Version 12.00
# Visual Studio Version 16
VisualStudioVersion = 16.0.31624.102
MinimumVisualStudioVersion = 10.0.40219.1
Project("{FAE04EC0-301F-11D3-BF4B-00C04F79EFBC}") = "PruebaArreglo", "PruebaArreglo\PruebaArreglo.csproj", "{F3E99723-F2D0-465D-AA37-61139E715B89}"
EndProject
Global
	GlobalSection(SolutionConfigurationPlatforms) = preSolution
		Debug|Any CPU = Debug|Any CPU
		Release|Any CPU = Release|Any CPU
	EndGlobalSection
	GlobalSection(ProjectConfigurationPlatforms) = postSolution
		{F3E99723-F2D0-465D-AA37-61139E715B89}.Debug|Any CPU.ActiveCfg = Debug|Any CPU
		{F3E99723-F2D0-465D-AA37-61139E715B89}.Debug|Any CPU.Build.0 = Debug|Any CPU
		{F3E99723-F2D0-465D-AA37-61139E715B89}.Release|Any CPU.ActiveCfg = Release|Any CPU
		{F3E99723-F2D0-465D-AA37-61139E715B89}.Release|Any CPU.Build.0 = Release|Any CPU
	EndGlobalSection
	GlobalSection(SolutionProperties) = preSolution
		HideSolutionNode = FALSE
	EndGlobalSection
	GlobalSection(ExtensibilityGlobals) = postSolution
		SolutionGuid = {0E1520DE-6542-4683-A2D5-FBC72B8BEBC9}
	EndGlobalSection
EndGlobal
